
Microsoft Visual Studio Solution File, Format Version 12.00
# Visual Studio Version 17
VisualStudioVersion = 17.12.35506.116
MinimumVisualStudioVersion = 10.0.40219.1
Project("{FAE04EC0-301F-11D3-BF4B-00C04F79EFBC}") = "Test-1 Merhaba Dünya", "Test-1 Merhaba Dünya\Test-1 Merhaba Dünya.csproj", "{CEDBE1A6-C3E9-4211-BE0B-2E6097E232E6}"
EndProject
Project("{FAE04EC0-301F-11D3-BF4B-00C04F79EFBC}") = "Test-2 Hesap Makinesi", "Test-2 Hesap Makinesi\Test-2 Hesap Makinesi.csproj", "{0493FB13-BBF2-4C50-8E05-B337DCBC0DEA}"
EndProject
Project("{FAE04EC0-301F-11D3-BF4B-00C04F79EFBC}") = "Test-3 Sayı Tahmini", "Test-3 Sayı Tahmini\Test-3 Sayı Tahmini.csproj", "{6FCED14C-6C61-4FD4-B9B9-0467B84E0EB7}"
EndProject
Project("{FAE04EC0-301F-11D3-BF4B-00C04F79EFBC}") = "Test-4 Kullanıcı Giriş Sistemi", "Test-4 Kullanıcı Giriş Sistemi\Test-4 Kullanıcı Giriş Sistemi.csproj", "{93287185-137E-4BC6-A15A-BCBE44397562}"
EndProject
Project("{FAE04EC0-301F-11D3-BF4B-00C04F79EFBC}") = "Test-5 FizzBuzz", "Test-5 FizzBuzz\Test-5 FizzBuzz.csproj", "{C328CFD4-650A-4CF2-9AE1-B065CF4DAF85}"
EndProject
Project("{FAE04EC0-301F-11D3-BF4B-00C04F79EFBC}") = "Test-6 Asal Sayı Kontrolü", "Test-6 Asal Sayı Kontrolü\Test-6 Asal Sayı Kontrolü.csproj", "{764EE59A-3056-46C2-B787-E17AB90E27E8}"
EndProject
Project("{FAE04EC0-301F-11D3-BF4B-00C04F79EFBC}") = "Test-7 Karekök Hesaplama", "Test-8 Karekök Hesaplama\Test-7 Karekök Hesaplama.csproj", "{281F9418-F484-4454-A0EF-0F5D6B0D67E4}"
EndProject
Project("{FAE04EC0-301F-11D3-BF4B-00C04F79EFBC}") = "Test-8 Sıcaklık Dönüştürücü", "Test-8 Sıcaklık Dönüştürücü\Test-8 Sıcaklık Dönüştürücü.csproj", "{3230A257-03D6-4A29-9361-7532DB84C04C}"
EndProject
Project("{FAE04EC0-301F-11D3-BF4B-00C04F79EFBC}") = "Test-9 Basit Not Defteri", "Test-9 Basit Not Defteri\Test-9 Basit Not Defteri.csproj", "{02B0E603-9207-43CF-9C9C-CB2112DD3DBF}"
EndProject
Project("{FAE04EC0-301F-11D3-BF4B-00C04F79EFBC}") = "Test-10 Kelime Sayacı", "Test-10 Kelime Sayacı\Test-10 Kelime Sayacı.csproj", "{F13773F3-E5A9-4642-84AD-66BC0E7C53A5}"
EndProject
Project("{FAE04EC0-301F-11D3-BF4B-00C04F79EFBC}") = "Test-11 Palindrom", "Test-11 Palindrom\Test-11 Palindrom.csproj", "{17F3367E-618B-4999-8BF3-643ACD5FB411}"
EndProject
Project("{FAE04EC0-301F-11D3-BF4B-00C04F79EFBC}") = "Test-12 Fibonacci Serisi", "Test-12 Fibonacci Serisi\Test-12 Fibonacci Serisi.csproj", "{44E6E8D1-3175-4209-B9D0-0FB33562CAA2}"
EndProject
Project("{FAE04EC0-301F-11D3-BF4B-00C04F79EFBC}") = "Test-13 Basit ATM Simülasyonu", "Test-13 Basit ATM Simülasyonu\Test-13 Basit ATM Simülasyonu.csproj", "{7CE36856-3265-44D6-A7A2-C0FC95855BF9}"
EndProject
Project("{FAE04EC0-301F-11D3-BF4B-00C04F79EFBC}") = "Test-14 Zamanlayıcı", "Test-14 Zamanlayıcı\Test-14 Zamanlayıcı.csproj", "{EC1D95E0-604E-45F4-A04B-17EBC27192B1}"
EndProject
Project("{FAE04EC0-301F-11D3-BF4B-00C04F79EFBC}") = "Test-15 Karakter Sayacı", "Test-15 Karakter Sayacı\Test-15 Karakter Sayacı.csproj", "{3E7844D4-90C6-4899-9C2D-EA21C846E8E5}"
EndProject
Project("{FAE04EC0-301F-11D3-BF4B-00C04F79EFBC}") = "Test-16 Tas-Kagit-Makas", "Test-16 Tas-Kagit-Makas\Test-16 Tas-Kagit-Makas.csproj", "{88C89B55-47F9-4602-84E0-D40970262EF1}"
EndProject
Project("{FAE04EC0-301F-11D3-BF4B-00C04F79EFBC}") = "Test-17 Basit Sifre Uretici", "Test-17 Basit Sifre Uretici\Test-17 Basit Sifre Uretici.csproj", "{B216294A-EFA8-4D3F-A0FE-754F8F735B93}"
EndProject
Project("{FAE04EC0-301F-11D3-BF4B-00C04F79EFBC}") = "Test-18 Matematik Quiz Oyunu", "Test-18 Matematik Quiz Oyunu\Test-18 Matematik Quiz Oyunu.csproj", "{EEEF9DB6-A545-4030-84A3-1D6FDD4A607A}"
EndProject
Project("{FAE04EC0-301F-11D3-BF4B-00C04F79EFBC}") = "Test-19 Basit Çarpım Tablosu", "Test-19 Basit Çarpım Tablosu\Test-19 Basit Çarpım Tablosu.csproj", "{74978126-9F2F-49E3-901E-94C2E265A379}"
EndProject
Project("{FAE04EC0-301F-11D3-BF4B-00C04F79EFBC}") = "Test-20 Metin Ters Çevirici", "Test-20 Metin Ters Çevirici\Test-20 Metin Ters Çevirici.csproj", "{B0D3556D-AF93-42B0-AD66-E88E82ACA786}"
EndProject
Project("{FAE04EC0-301F-11D3-BF4B-00C04F79EFBC}") = "Test-21 Kişisel Ajanda", "Test-21 Kişisel Ajanda\Test-21 Kişisel Ajanda.csproj", "{B597BE82-F6CA-43F0-A910-711A86D2410C}"
EndProject
Project("{FAE04EC0-301F-11D3-BF4B-00C04F79EFBC}") = "Test-22 Dosya Tabanlı Not Defteri", "Test-22 Dosya Tabanlı Not Defteri\Test-22 Dosya Tabanlı Not Defteri.csproj", "{AE71F088-F5A3-42B4-B966-37DA6E7B93A6}"
EndProject
Project("{FAE04EC0-301F-11D3-BF4B-00C04F79EFBC}") = "Test-23 Kütüphane Yönetim Sistemi", "Test-23 Kütüphane Yönetim Sistemi\Test-23 Kütüphane Yönetim Sistemi.csproj", "{3D784F17-23A9-4E17-A070-D13714A7AA57}"
EndProject
Project("{FAE04EC0-301F-11D3-BF4B-00C04F79EFBC}") = "Test-24 Sözlük Uygulaması", "Test-24 Sözlük Uygulaması\Test-24 Sözlük Uygulaması.csproj", "{662E4096-E6B5-4013-ACB4-31DB74D42E73}"
EndProject
Project("{FAE04EC0-301F-11D3-BF4B-00C04F79EFBC}") = "Test-25 Basit Banka Sistemi", "Test-25 Basit Banka Sistemi\Test-25 Basit Banka Sistemi.csproj", "{769CF7CA-3EFD-4379-A867-9EAB60C8E218}"
EndProject
Project("{FAE04EC0-301F-11D3-BF4B-00C04F79EFBC}") = "Test-26 Metin Şifreleyici", "Test-26 Metin Şifreleyici\Test-26 Metin Şifreleyici.csproj", "{DC716B20-A5A9-4447-A114-0B433AD1F11A}"
EndProject
Project("{FAE04EC0-301F-11D3-BF4B-00C04F79EFBC}") = "Test-27 Basit Sınav Geçmişi Saklama", "Test-27 Basit Sınav Geçmişi Saklama\Test-27 Basit Sınav Geçmişi Saklama.csproj", "{D4D044C5-5248-4BB0-BEE1-32BF4C8DC465}"
EndProject
Project("{FAE04EC0-301F-11D3-BF4B-00C04F79EFBC}") = "Test-28 Kelime Bulmaca Oyunu", "Test-28 Kelime Bulmaca Oyunu\Test-28 Kelime Bulmaca Oyunu.csproj", "{D3D7273B-E9CC-469A-86C0-EC6CFA67BE64}"
EndProject
Project("{FAE04EC0-301F-11D3-BF4B-00C04F79EFBC}") = "Test-29 Basit Oyun Envanteri", "Test-29 Basit Oyun Envanteri\Test-29 Basit Oyun Envanteri.csproj", "{41435D22-1785-437A-A512-11DE2B99DCA3}"
EndProject
Project("{FAE04EC0-301F-11D3-BF4B-00C04F79EFBC}") = "Test-30 Metin Analiz Aracı", "Test-30 Metin Analiz Aracı\Test-30 Metin Analiz Aracı.csproj", "{4D27B33F-A763-4A6C-9787-F4E134F656B7}"
EndProject
Project("{FAE04EC0-301F-11D3-BF4B-00C04F79EFBC}") = "Test-31 Kronometre", "Test-31 Kronometre\Test-31 Kronometre.csproj", "{C3CAAB47-D2C6-41FB-A629-457FEA0D3A7E}"
EndProject
Project("{FAE04EC0-301F-11D3-BF4B-00C04F79EFBC}") = "Test-32 Basit Blog Sistemi", "Test-32 Basit Blog Sistemi\Test-32 Basit Blog Sistemi.csproj", "{A004130C-EB6D-400B-BAA4-90E0F294FA76}"
EndProject
Global
	GlobalSection(SolutionConfigurationPlatforms) = preSolution
		Debug|Any CPU = Debug|Any CPU
		Release|Any CPU = Release|Any CPU
	EndGlobalSection
	GlobalSection(ProjectConfigurationPlatforms) = postSolution
		{CEDBE1A6-C3E9-4211-BE0B-2E6097E232E6}.Debug|Any CPU.ActiveCfg = Debug|Any CPU
		{CEDBE1A6-C3E9-4211-BE0B-2E6097E232E6}.Debug|Any CPU.Build.0 = Debug|Any CPU
		{CEDBE1A6-C3E9-4211-BE0B-2E6097E232E6}.Release|Any CPU.ActiveCfg = Release|Any CPU
		{CEDBE1A6-C3E9-4211-BE0B-2E6097E232E6}.Release|Any CPU.Build.0 = Release|Any CPU
		{0493FB13-BBF2-4C50-8E05-B337DCBC0DEA}.Debug|Any CPU.ActiveCfg = Debug|Any CPU
		{0493FB13-BBF2-4C50-8E05-B337DCBC0DEA}.Debug|Any CPU.Build.0 = Debug|Any CPU
		{0493FB13-BBF2-4C50-8E05-B337DCBC0DEA}.Release|Any CPU.ActiveCfg = Release|Any CPU
		{0493FB13-BBF2-4C50-8E05-B337DCBC0DEA}.Release|Any CPU.Build.0 = Release|Any CPU
		{6FCED14C-6C61-4FD4-B9B9-0467B84E0EB7}.Debug|Any CPU.ActiveCfg = Debug|Any CPU
		{6FCED14C-6C61-4FD4-B9B9-0467B84E0EB7}.Debug|Any CPU.Build.0 = Debug|Any CPU
		{6FCED14C-6C61-4FD4-B9B9-0467B84E0EB7}.Release|Any CPU.ActiveCfg = Release|Any CPU
		{6FCED14C-6C61-4FD4-B9B9-0467B84E0EB7}.Release|Any CPU.Build.0 = Release|Any CPU
		{93287185-137E-4BC6-A15A-BCBE44397562}.Debug|Any CPU.ActiveCfg = Debug|Any CPU
		{93287185-137E-4BC6-A15A-BCBE44397562}.Debug|Any CPU.Build.0 = Debug|Any CPU
		{93287185-137E-4BC6-A15A-BCBE44397562}.Release|Any CPU.ActiveCfg = Release|Any CPU
		{93287185-137E-4BC6-A15A-BCBE44397562}.Release|Any CPU.Build.0 = Release|Any CPU
		{C328CFD4-650A-4CF2-9AE1-B065CF4DAF85}.Debug|Any CPU.ActiveCfg = Debug|Any CPU
		{C328CFD4-650A-4CF2-9AE1-B065CF4DAF85}.Debug|Any CPU.Build.0 = Debug|Any CPU
		{C328CFD4-650A-4CF2-9AE1-B065CF4DAF85}.Release|Any CPU.ActiveCfg = Release|Any CPU
		{C328CFD4-650A-4CF2-9AE1-B065CF4DAF85}.Release|Any CPU.Build.0 = Release|Any CPU
		{764EE59A-3056-46C2-B787-E17AB90E27E8}.Debug|Any CPU.ActiveCfg = Debug|Any CPU
		{764EE59A-3056-46C2-B787-E17AB90E27E8}.Debug|Any CPU.Build.0 = Debug|Any CPU
		{764EE59A-3056-46C2-B787-E17AB90E27E8}.Release|Any CPU.ActiveCfg = Release|Any CPU
		{764EE59A-3056-46C2-B787-E17AB90E27E8}.Release|Any CPU.Build.0 = Release|Any CPU
		{281F9418-F484-4454-A0EF-0F5D6B0D67E4}.Debug|Any CPU.ActiveCfg = Debug|Any CPU
		{281F9418-F484-4454-A0EF-0F5D6B0D67E4}.Debug|Any CPU.Build.0 = Debug|Any CPU
		{281F9418-F484-4454-A0EF-0F5D6B0D67E4}.Release|Any CPU.ActiveCfg = Release|Any CPU
		{281F9418-F484-4454-A0EF-0F5D6B0D67E4}.Release|Any CPU.Build.0 = Release|Any CPU
		{3230A257-03D6-4A29-9361-7532DB84C04C}.Debug|Any CPU.ActiveCfg = Debug|Any CPU
		{3230A257-03D6-4A29-9361-7532DB84C04C}.Debug|Any CPU.Build.0 = Debug|Any CPU
		{3230A257-03D6-4A29-9361-7532DB84C04C}.Release|Any CPU.ActiveCfg = Release|Any CPU
		{3230A257-03D6-4A29-9361-7532DB84C04C}.Release|Any CPU.Build.0 = Release|Any CPU
		{02B0E603-9207-43CF-9C9C-CB2112DD3DBF}.Debug|Any CPU.ActiveCfg = Debug|Any CPU
		{02B0E603-9207-43CF-9C9C-CB2112DD3DBF}.Debug|Any CPU.Build.0 = Debug|Any CPU
		{02B0E603-9207-43CF-9C9C-CB2112DD3DBF}.Release|Any CPU.ActiveCfg = Release|Any CPU
		{02B0E603-9207-43CF-9C9C-CB2112DD3DBF}.Release|Any CPU.Build.0 = Release|Any CPU
		{F13773F3-E5A9-4642-84AD-66BC0E7C53A5}.Debug|Any CPU.ActiveCfg = Debug|Any CPU
		{F13773F3-E5A9-4642-84AD-66BC0E7C53A5}.Debug|Any CPU.Build.0 = Debug|Any CPU
		{F13773F3-E5A9-4642-84AD-66BC0E7C53A5}.Release|Any CPU.ActiveCfg = Release|Any CPU
		{F13773F3-E5A9-4642-84AD-66BC0E7C53A5}.Release|Any CPU.Build.0 = Release|Any CPU
		{17F3367E-618B-4999-8BF3-643ACD5FB411}.Debug|Any CPU.ActiveCfg = Debug|Any CPU
		{17F3367E-618B-4999-8BF3-643ACD5FB411}.Debug|Any CPU.Build.0 = Debug|Any CPU
		{17F3367E-618B-4999-8BF3-643ACD5FB411}.Release|Any CPU.ActiveCfg = Release|Any CPU
		{17F3367E-618B-4999-8BF3-643ACD5FB411}.Release|Any CPU.Build.0 = Release|Any CPU
		{44E6E8D1-3175-4209-B9D0-0FB33562CAA2}.Debug|Any CPU.ActiveCfg = Debug|Any CPU
		{44E6E8D1-3175-4209-B9D0-0FB33562CAA2}.Debug|Any CPU.Build.0 = Debug|Any CPU
		{44E6E8D1-3175-4209-B9D0-0FB33562CAA2}.Release|Any CPU.ActiveCfg = Release|Any CPU
		{44E6E8D1-3175-4209-B9D0-0FB33562CAA2}.Release|Any CPU.Build.0 = Release|Any CPU
		{7CE36856-3265-44D6-A7A2-C0FC95855BF9}.Debug|Any CPU.ActiveCfg = Debug|Any CPU
		{7CE36856-3265-44D6-A7A2-C0FC95855BF9}.Debug|Any CPU.Build.0 = Debug|Any CPU
		{7CE36856-3265-44D6-A7A2-C0FC95855BF9}.Release|Any CPU.ActiveCfg = Release|Any CPU
		{7CE36856-3265-44D6-A7A2-C0FC95855BF9}.Release|Any CPU.Build.0 = Release|Any CPU
		{EC1D95E0-604E-45F4-A04B-17EBC27192B1}.Debug|Any CPU.ActiveCfg = Debug|Any CPU
		{EC1D95E0-604E-45F4-A04B-17EBC27192B1}.Debug|Any CPU.Build.0 = Debug|Any CPU
		{EC1D95E0-604E-45F4-A04B-17EBC27192B1}.Release|Any CPU.ActiveCfg = Release|Any CPU
		{EC1D95E0-604E-45F4-A04B-17EBC27192B1}.Release|Any CPU.Build.0 = Release|Any CPU
		{3E7844D4-90C6-4899-9C2D-EA21C846E8E5}.Debug|Any CPU.ActiveCfg = Debug|Any CPU
		{3E7844D4-90C6-4899-9C2D-EA21C846E8E5}.Debug|Any CPU.Build.0 = Debug|Any CPU
		{3E7844D4-90C6-4899-9C2D-EA21C846E8E5}.Release|Any CPU.ActiveCfg = Release|Any CPU
		{3E7844D4-90C6-4899-9C2D-EA21C846E8E5}.Release|Any CPU.Build.0 = Release|Any CPU
		{88C89B55-47F9-4602-84E0-D40970262EF1}.Debug|Any CPU.ActiveCfg = Debug|Any CPU
		{88C89B55-47F9-4602-84E0-D40970262EF1}.Debug|Any CPU.Build.0 = Debug|Any CPU
		{88C89B55-47F9-4602-84E0-D40970262EF1}.Release|Any CPU.ActiveCfg = Release|Any CPU
		{88C89B55-47F9-4602-84E0-D40970262EF1}.Release|Any CPU.Build.0 = Release|Any CPU
		{B216294A-EFA8-4D3F-A0FE-754F8F735B93}.Debug|Any CPU.ActiveCfg = Debug|Any CPU
		{B216294A-EFA8-4D3F-A0FE-754F8F735B93}.Debug|Any CPU.Build.0 = Debug|Any CPU
		{B216294A-EFA8-4D3F-A0FE-754F8F735B93}.Release|Any CPU.ActiveCfg = Release|Any CPU
		{B216294A-EFA8-4D3F-A0FE-754F8F735B93}.Release|Any CPU.Build.0 = Release|Any CPU
		{EEEF9DB6-A545-4030-84A3-1D6FDD4A607A}.Debug|Any CPU.ActiveCfg = Debug|Any CPU
		{EEEF9DB6-A545-4030-84A3-1D6FDD4A607A}.Debug|Any CPU.Build.0 = Debug|Any CPU
		{EEEF9DB6-A545-4030-84A3-1D6FDD4A607A}.Release|Any CPU.ActiveCfg = Release|Any CPU
		{EEEF9DB6-A545-4030-84A3-1D6FDD4A607A}.Release|Any CPU.Build.0 = Release|Any CPU
		{74978126-9F2F-49E3-901E-94C2E265A379}.Debug|Any CPU.ActiveCfg = Debug|Any CPU
		{74978126-9F2F-49E3-901E-94C2E265A379}.Debug|Any CPU.Build.0 = Debug|Any CPU
		{74978126-9F2F-49E3-901E-94C2E265A379}.Release|Any CPU.ActiveCfg = Release|Any CPU
		{74978126-9F2F-49E3-901E-94C2E265A379}.Release|Any CPU.Build.0 = Release|Any CPU
		{B0D3556D-AF93-42B0-AD66-E88E82ACA786}.Debug|Any CPU.ActiveCfg = Debug|Any CPU
		{B0D3556D-AF93-42B0-AD66-E88E82ACA786}.Debug|Any CPU.Build.0 = Debug|Any CPU
		{B0D3556D-AF93-42B0-AD66-E88E82ACA786}.Release|Any CPU.ActiveCfg = Release|Any CPU
		{B0D3556D-AF93-42B0-AD66-E88E82ACA786}.Release|Any CPU.Build.0 = Release|Any CPU
		{B597BE82-F6CA-43F0-A910-711A86D2410C}.Debug|Any CPU.ActiveCfg = Debug|Any CPU
		{B597BE82-F6CA-43F0-A910-711A86D2410C}.Debug|Any CPU.Build.0 = Debug|Any CPU
		{B597BE82-F6CA-43F0-A910-711A86D2410C}.Release|Any CPU.ActiveCfg = Release|Any CPU
		{B597BE82-F6CA-43F0-A910-711A86D2410C}.Release|Any CPU.Build.0 = Release|Any CPU
		{AE71F088-F5A3-42B4-B966-37DA6E7B93A6}.Debug|Any CPU.ActiveCfg = Debug|Any CPU
		{AE71F088-F5A3-42B4-B966-37DA6E7B93A6}.Debug|Any CPU.Build.0 = Debug|Any CPU
		{AE71F088-F5A3-42B4-B966-37DA6E7B93A6}.Release|Any CPU.ActiveCfg = Release|Any CPU
		{AE71F088-F5A3-42B4-B966-37DA6E7B93A6}.Release|Any CPU.Build.0 = Release|Any CPU
		{3D784F17-23A9-4E17-A070-D13714A7AA57}.Debug|Any CPU.ActiveCfg = Debug|Any CPU
		{3D784F17-23A9-4E17-A070-D13714A7AA57}.Debug|Any CPU.Build.0 = Debug|Any CPU
		{3D784F17-23A9-4E17-A070-D13714A7AA57}.Release|Any CPU.ActiveCfg = Release|Any CPU
		{3D784F17-23A9-4E17-A070-D13714A7AA57}.Release|Any CPU.Build.0 = Release|Any CPU
		{662E4096-E6B5-4013-ACB4-31DB74D42E73}.Debug|Any CPU.ActiveCfg = Debug|Any CPU
		{662E4096-E6B5-4013-ACB4-31DB74D42E73}.Debug|Any CPU.Build.0 = Debug|Any CPU
		{662E4096-E6B5-4013-ACB4-31DB74D42E73}.Release|Any CPU.ActiveCfg = Release|Any CPU
		{662E4096-E6B5-4013-ACB4-31DB74D42E73}.Release|Any CPU.Build.0 = Release|Any CPU
		{769CF7CA-3EFD-4379-A867-9EAB60C8E218}.Debug|Any CPU.ActiveCfg = Debug|Any CPU
		{769CF7CA-3EFD-4379-A867-9EAB60C8E218}.Debug|Any CPU.Build.0 = Debug|Any CPU
		{769CF7CA-3EFD-4379-A867-9EAB60C8E218}.Release|Any CPU.ActiveCfg = Release|Any CPU
		{769CF7CA-3EFD-4379-A867-9EAB60C8E218}.Release|Any CPU.Build.0 = Release|Any CPU
		{DC716B20-A5A9-4447-A114-0B433AD1F11A}.Debug|Any CPU.ActiveCfg = Debug|Any CPU
		{DC716B20-A5A9-4447-A114-0B433AD1F11A}.Debug|Any CPU.Build.0 = Debug|Any CPU
		{DC716B20-A5A9-4447-A114-0B433AD1F11A}.Release|Any CPU.ActiveCfg = Release|Any CPU
		{DC716B20-A5A9-4447-A114-0B433AD1F11A}.Release|Any CPU.Build.0 = Release|Any CPU
		{D4D044C5-5248-4BB0-BEE1-32BF4C8DC465}.Debug|Any CPU.ActiveCfg = Debug|Any CPU
		{D4D044C5-5248-4BB0-BEE1-32BF4C8DC465}.Debug|Any CPU.Build.0 = Debug|Any CPU
		{D4D044C5-5248-4BB0-BEE1-32BF4C8DC465}.Release|Any CPU.ActiveCfg = Release|Any CPU
		{D4D044C5-5248-4BB0-BEE1-32BF4C8DC465}.Release|Any CPU.Build.0 = Release|Any CPU
		{D3D7273B-E9CC-469A-86C0-EC6CFA67BE64}.Debug|Any CPU.ActiveCfg = Debug|Any CPU
		{D3D7273B-E9CC-469A-86C0-EC6CFA67BE64}.Debug|Any CPU.Build.0 = Debug|Any CPU
		{D3D7273B-E9CC-469A-86C0-EC6CFA67BE64}.Release|Any CPU.ActiveCfg = Release|Any CPU
		{D3D7273B-E9CC-469A-86C0-EC6CFA67BE64}.Release|Any CPU.Build.0 = Release|Any CPU
		{41435D22-1785-437A-A512-11DE2B99DCA3}.Debug|Any CPU.ActiveCfg = Debug|Any CPU
		{41435D22-1785-437A-A512-11DE2B99DCA3}.Debug|Any CPU.Build.0 = Debug|Any CPU
		{41435D22-1785-437A-A512-11DE2B99DCA3}.Release|Any CPU.ActiveCfg = Release|Any CPU
		{41435D22-1785-437A-A512-11DE2B99DCA3}.Release|Any CPU.Build.0 = Release|Any CPU
		{4D27B33F-A763-4A6C-9787-F4E134F656B7}.Debug|Any CPU.ActiveCfg = Debug|Any CPU
		{4D27B33F-A763-4A6C-9787-F4E134F656B7}.Debug|Any CPU.Build.0 = Debug|Any CPU
		{4D27B33F-A763-4A6C-9787-F4E134F656B7}.Release|Any CPU.ActiveCfg = Release|Any CPU
		{4D27B33F-A763-4A6C-9787-F4E134F656B7}.Release|Any CPU.Build.0 = Release|Any CPU
		{C3CAAB47-D2C6-41FB-A629-457FEA0D3A7E}.Debug|Any CPU.ActiveCfg = Debug|Any CPU
		{C3CAAB47-D2C6-41FB-A629-457FEA0D3A7E}.Debug|Any CPU.Build.0 = Debug|Any CPU
		{C3CAAB47-D2C6-41FB-A629-457FEA0D3A7E}.Release|Any CPU.ActiveCfg = Release|Any CPU
		{C3CAAB47-D2C6-41FB-A629-457FEA0D3A7E}.Release|Any CPU.Build.0 = Release|Any CPU
		{A004130C-EB6D-400B-BAA4-90E0F294FA76}.Debug|Any CPU.ActiveCfg = Debug|Any CPU
		{A004130C-EB6D-400B-BAA4-90E0F294FA76}.Debug|Any CPU.Build.0 = Debug|Any CPU
		{A004130C-EB6D-400B-BAA4-90E0F294FA76}.Release|Any CPU.ActiveCfg = Release|Any CPU
		{A004130C-EB6D-400B-BAA4-90E0F294FA76}.Release|Any CPU.Build.0 = Release|Any CPU
	EndGlobalSection
	GlobalSection(SolutionProperties) = preSolution
		HideSolutionNode = FALSE
	EndGlobalSection
EndGlobal
