
Microsoft Visual Studio Solution File, Format Version 12.00
# Visual Studio Version 17
VisualStudioVersion = 17.12.35506.116
MinimumVisualStudioVersion = 10.0.40219.1
Project("{FAE04EC0-301F-11D3-BF4B-00C04F79EFBC}") = "Test-1 Merhaba Dünya", "Test-1 Merhaba Dünya\Test-1 Merhaba Dünya.csproj", "{CEDBE1A6-C3E9-4211-BE0B-2E6097E232E6}"
EndProject
Project("{FAE04EC0-301F-11D3-BF4B-00C04F79EFBC}") = "Test-2 Hesap Makinesi", "Test-2 Hesap Makinesi\Test-2 Hesap Makinesi.csproj", "{0493FB13-BBF2-4C50-8E05-B337DCBC0DEA}"
EndProject
Project("{FAE04EC0-301F-11D3-BF4B-00C04F79EFBC}") = "Test-3 Sayı Tahmini", "Test-3 Sayı Tahmini\Test-3 Sayı Tahmini.csproj", "{6FCED14C-6C61-4FD4-B9B9-0467B84E0EB7}"
EndProject
Project("{FAE04EC0-301F-11D3-BF4B-00C04F79EFBC}") = "Test-4 Kullanıcı Giriş Sistemi", "Test-4 Kullanıcı Giriş Sistemi\Test-4 Kullanıcı Giriş Sistemi.csproj", "{93287185-137E-4BC6-A15A-BCBE44397562}"
EndProject
Project("{FAE04EC0-301F-11D3-BF4B-00C04F79EFBC}") = "Test-5 FizzBuzz", "Test-5 FizzBuzz\Test-5 FizzBuzz.csproj", "{C328CFD4-650A-4CF2-9AE1-B065CF4DAF85}"
EndProject
Project("{FAE04EC0-301F-11D3-BF4B-00C04F79EFBC}") = "Test-6 Asal Sayı Kontrolü", "Test-6 Asal Sayı Kontrolü\Test-6 Asal Sayı Kontrolü.csproj", "{764EE59A-3056-46C2-B787-E17AB90E27E8}"
EndProject
Project("{FAE04EC0-301F-11D3-BF4B-00C04F79EFBC}") = "Test-7 Karekök Hesaplama", "Test-8 Karekök Hesaplama\Test-7 Karekök Hesaplama.csproj", "{281F9418-F484-4454-A0EF-0F5D6B0D67E4}"
EndProject
Project("{FAE04EC0-301F-11D3-BF4B-00C04F79EFBC}") = "Test-8 Sıcaklık Dönüştürücü", "Test-8 Sıcaklık Dönüştürücü\Test-8 Sıcaklık Dönüştürücü.csproj", "{3230A257-03D6-4A29-9361-7532DB84C04C}"
EndProject
Global
	GlobalSection(SolutionConfigurationPlatforms) = preSolution
		Debug|Any CPU = Debug|Any CPU
		Release|Any CPU = Release|Any CPU
	EndGlobalSection
	GlobalSection(ProjectConfigurationPlatforms) = postSolution
		{CEDBE1A6-C3E9-4211-BE0B-2E6097E232E6}.Debug|Any CPU.ActiveCfg = Debug|Any CPU
		{CEDBE1A6-C3E9-4211-BE0B-2E6097E232E6}.Debug|Any CPU.Build.0 = Debug|Any CPU
		{CEDBE1A6-C3E9-4211-BE0B-2E6097E232E6}.Release|Any CPU.ActiveCfg = Release|Any CPU
		{CEDBE1A6-C3E9-4211-BE0B-2E6097E232E6}.Release|Any CPU.Build.0 = Release|Any CPU
		{0493FB13-BBF2-4C50-8E05-B337DCBC0DEA}.Debug|Any CPU.ActiveCfg = Debug|Any CPU
		{0493FB13-BBF2-4C50-8E05-B337DCBC0DEA}.Debug|Any CPU.Build.0 = Debug|Any CPU
		{0493FB13-BBF2-4C50-8E05-B337DCBC0DEA}.Release|Any CPU.ActiveCfg = Release|Any CPU
		{0493FB13-BBF2-4C50-8E05-B337DCBC0DEA}.Release|Any CPU.Build.0 = Release|Any CPU
		{6FCED14C-6C61-4FD4-B9B9-0467B84E0EB7}.Debug|Any CPU.ActiveCfg = Debug|Any CPU
		{6FCED14C-6C61-4FD4-B9B9-0467B84E0EB7}.Debug|Any CPU.Build.0 = Debug|Any CPU
		{6FCED14C-6C61-4FD4-B9B9-0467B84E0EB7}.Release|Any CPU.ActiveCfg = Release|Any CPU
		{6FCED14C-6C61-4FD4-B9B9-0467B84E0EB7}.Release|Any CPU.Build.0 = Release|Any CPU
		{93287185-137E-4BC6-A15A-BCBE44397562}.Debug|Any CPU.ActiveCfg = Debug|Any CPU
		{93287185-137E-4BC6-A15A-BCBE44397562}.Debug|Any CPU.Build.0 = Debug|Any CPU
		{93287185-137E-4BC6-A15A-BCBE44397562}.Release|Any CPU.ActiveCfg = Release|Any CPU
		{93287185-137E-4BC6-A15A-BCBE44397562}.Release|Any CPU.Build.0 = Release|Any CPU
		{C328CFD4-650A-4CF2-9AE1-B065CF4DAF85}.Debug|Any CPU.ActiveCfg = Debug|Any CPU
		{C328CFD4-650A-4CF2-9AE1-B065CF4DAF85}.Debug|Any CPU.Build.0 = Debug|Any CPU
		{C328CFD4-650A-4CF2-9AE1-B065CF4DAF85}.Release|Any CPU.ActiveCfg = Release|Any CPU
		{C328CFD4-650A-4CF2-9AE1-B065CF4DAF85}.Release|Any CPU.Build.0 = Release|Any CPU
		{764EE59A-3056-46C2-B787-E17AB90E27E8}.Debug|Any CPU.ActiveCfg = Debug|Any CPU
		{764EE59A-3056-46C2-B787-E17AB90E27E8}.Debug|Any CPU.Build.0 = Debug|Any CPU
		{764EE59A-3056-46C2-B787-E17AB90E27E8}.Release|Any CPU.ActiveCfg = Release|Any CPU
		{764EE59A-3056-46C2-B787-E17AB90E27E8}.Release|Any CPU.Build.0 = Release|Any CPU
		{281F9418-F484-4454-A0EF-0F5D6B0D67E4}.Debug|Any CPU.ActiveCfg = Debug|Any CPU
		{281F9418-F484-4454-A0EF-0F5D6B0D67E4}.Debug|Any CPU.Build.0 = Debug|Any CPU
		{281F9418-F484-4454-A0EF-0F5D6B0D67E4}.Release|Any CPU.ActiveCfg = Release|Any CPU
		{281F9418-F484-4454-A0EF-0F5D6B0D67E4}.Release|Any CPU.Build.0 = Release|Any CPU
		{3230A257-03D6-4A29-9361-7532DB84C04C}.Debug|Any CPU.ActiveCfg = Debug|Any CPU
		{3230A257-03D6-4A29-9361-7532DB84C04C}.Debug|Any CPU.Build.0 = Debug|Any CPU
		{3230A257-03D6-4A29-9361-7532DB84C04C}.Release|Any CPU.ActiveCfg = Release|Any CPU
		{3230A257-03D6-4A29-9361-7532DB84C04C}.Release|Any CPU.Build.0 = Release|Any CPU
	EndGlobalSection
	GlobalSection(SolutionProperties) = preSolution
		HideSolutionNode = FALSE
	EndGlobalSection
EndGlobal
